
Microsoft Visual Studio Solution File, Format Version 12.00
# Visual Studio Version 17
VisualStudioVersion = 17.8.34525.116
MinimumVisualStudioVersion = 10.0.40219.1
Project("{9A19103F-16F7-4668-BE54-9A1E7A4F7556}") = "ConsoleApp", "ConsoleApp.csproj", "{559370D1-C9A1-4A68-98A6-77908EC35D51}"
EndProject
Project("{9A19103F-16F7-4668-BE54-9A1E7A4F7556}") = "ClassLibrary1", "..\..\ClassLibrary1\ClassLibrary1.csproj", "{B118F412-7410-4212-BFD9-FC42C6BC0C51}"
EndProject
Project("{FAE04EC0-301F-11D3-BF4B-00C04F79EFBC}") = "Arrays", "..\Arrays\Arrays.csproj", "{9D185262-4347-4E85-80D5-6B64271C7F4C}"
EndProject
Global
	GlobalSection(SolutionConfigurationPlatforms) = preSolution
		Debug|Any CPU = Debug|Any CPU
		Release|Any CPU = Release|Any CPU
	EndGlobalSection
	GlobalSection(ProjectConfigurationPlatforms) = postSolution
		{559370D1-C9A1-4A68-98A6-77908EC35D51}.Debug|Any CPU.ActiveCfg = Debug|Any CPU
		{559370D1-C9A1-4A68-98A6-77908EC35D51}.Debug|Any CPU.Build.0 = Debug|Any CPU
		{559370D1-C9A1-4A68-98A6-77908EC35D51}.Release|Any CPU.ActiveCfg = Release|Any CPU
		{559370D1-C9A1-4A68-98A6-77908EC35D51}.Release|Any CPU.Build.0 = Release|Any CPU
		{B118F412-7410-4212-BFD9-FC42C6BC0C51}.Debug|Any CPU.ActiveCfg = Debug|Any CPU
		{B118F412-7410-4212-BFD9-FC42C6BC0C51}.Debug|Any CPU.Build.0 = Debug|Any CPU
		{B118F412-7410-4212-BFD9-FC42C6BC0C51}.Release|Any CPU.ActiveCfg = Release|Any CPU
		{B118F412-7410-4212-BFD9-FC42C6BC0C51}.Release|Any CPU.Build.0 = Release|Any CPU
		{9D185262-4347-4E85-80D5-6B64271C7F4C}.Debug|Any CPU.ActiveCfg = Debug|Any CPU
		{9D185262-4347-4E85-80D5-6B64271C7F4C}.Debug|Any CPU.Build.0 = Debug|Any CPU
		{9D185262-4347-4E85-80D5-6B64271C7F4C}.Release|Any CPU.ActiveCfg = Release|Any CPU
		{9D185262-4347-4E85-80D5-6B64271C7F4C}.Release|Any CPU.Build.0 = Release|Any CPU
	EndGlobalSection
	GlobalSection(SolutionProperties) = preSolution
		HideSolutionNode = FALSE
	EndGlobalSection
	GlobalSection(ExtensibilityGlobals) = postSolution
		SolutionGuid = {8B91D857-5B00-4979-8EBA-E85EC3AB95F2}
	EndGlobalSection
EndGlobal
